
Microsoft Visual Studio Solution File, Format Version 12.00
# Visual Studio Version 16
VisualStudioVersion = 16.0.29911.84
MinimumVisualStudioVersion = 15.0.26124.0
Project("{2150E333-8FDC-42A3-9474-1A3956D46DE8}") = "src", "src", "{EA04A248-C0F7-46DC-9780-93A0DCEACE1A}"
EndProject
Project("{2150E333-8FDC-42A3-9474-1A3956D46DE8}") = "tests", "tests", "{ADF59119-71A3-4344-AA4C-6A8F18915534}"
EndProject
Project("{9A19103F-16F7-4668-BE54-9A1E7A4F7556}") = "Api.UnitTests", "tests\Api.UnitTests.csproj", "{FF6678A0-E237-47A8-B3CB-3DE801C52B27}"
EndProject
Project("{9A19103F-16F7-4668-BE54-9A1E7A4F7556}") = "Api", "src\Api\Api.csproj", "{406055A5-D604-458B-85F5-CD8E211BE52F}"
EndProject
Project("{9A19103F-16F7-4668-BE54-9A1E7A4F7556}") = "Infra", "src\Infra\Infra.csproj", "{109129D9-D870-4F09-9FBF-6B68F0A8829C}"
EndProject
Project("{2150E333-8FDC-42A3-9474-1A3956D46DE8}") = "utils", "utils", "{65DCED4E-3B8F-4D57-B7CE-D8A903578EC8}"
EndProject
Project("{9A19103F-16F7-4668-BE54-9A1E7A4F7556}") = "Utils", "utils\Utils\Utils.csproj", "{795C9840-5C52-4B71-A562-AD6CC45CEE25}"
EndProject
Project("{9A19103F-16F7-4668-BE54-9A1E7A4F7556}") = "Core", "src\Core\Core.csproj", "{A7AC90FB-79A5-440C-89D8-3E144BC857AA}"
EndProject
Project("{9A19103F-16F7-4668-BE54-9A1E7A4F7556}") = "LinxIO.Queue", "utils\LinxIO\LinxIO.Queue.csproj", "{80612397-FD13-4ED2-986A-C3083CC92D65}"
EndProject
Project("{9A19103F-16F7-4668-BE54-9A1E7A4F7556}") = "PagarMeApi", "utils\PagarMeApi\PagarMeApi.csproj", "{F9E26EAE-F3EC-45B6-84EC-B0F067364498}"
EndProject
Global
	GlobalSection(SolutionConfigurationPlatforms) = preSolution
		Debug|Any CPU = Debug|Any CPU
		Debug|x64 = Debug|x64
		Debug|x86 = Debug|x86
		Release|Any CPU = Release|Any CPU
		Release|x64 = Release|x64
		Release|x86 = Release|x86
	EndGlobalSection
	GlobalSection(ProjectConfigurationPlatforms) = postSolution
		{FF6678A0-E237-47A8-B3CB-3DE801C52B27}.Debug|Any CPU.ActiveCfg = Debug|Any CPU
		{FF6678A0-E237-47A8-B3CB-3DE801C52B27}.Debug|Any CPU.Build.0 = Debug|Any CPU
		{FF6678A0-E237-47A8-B3CB-3DE801C52B27}.Debug|x64.ActiveCfg = Debug|Any CPU
		{FF6678A0-E237-47A8-B3CB-3DE801C52B27}.Debug|x64.Build.0 = Debug|Any CPU
		{FF6678A0-E237-47A8-B3CB-3DE801C52B27}.Debug|x86.ActiveCfg = Debug|Any CPU
		{FF6678A0-E237-47A8-B3CB-3DE801C52B27}.Debug|x86.Build.0 = Debug|Any CPU
		{FF6678A0-E237-47A8-B3CB-3DE801C52B27}.Release|Any CPU.ActiveCfg = Release|Any CPU
		{FF6678A0-E237-47A8-B3CB-3DE801C52B27}.Release|Any CPU.Build.0 = Release|Any CPU
		{FF6678A0-E237-47A8-B3CB-3DE801C52B27}.Release|x64.ActiveCfg = Release|Any CPU
		{FF6678A0-E237-47A8-B3CB-3DE801C52B27}.Release|x64.Build.0 = Release|Any CPU
		{FF6678A0-E237-47A8-B3CB-3DE801C52B27}.Release|x86.ActiveCfg = Release|Any CPU
		{FF6678A0-E237-47A8-B3CB-3DE801C52B27}.Release|x86.Build.0 = Release|Any CPU
		{406055A5-D604-458B-85F5-CD8E211BE52F}.Debug|Any CPU.ActiveCfg = Debug|Any CPU
		{406055A5-D604-458B-85F5-CD8E211BE52F}.Debug|Any CPU.Build.0 = Debug|Any CPU
		{406055A5-D604-458B-85F5-CD8E211BE52F}.Debug|x64.ActiveCfg = Debug|Any CPU
		{406055A5-D604-458B-85F5-CD8E211BE52F}.Debug|x64.Build.0 = Debug|Any CPU
		{406055A5-D604-458B-85F5-CD8E211BE52F}.Debug|x86.ActiveCfg = Debug|Any CPU
		{406055A5-D604-458B-85F5-CD8E211BE52F}.Debug|x86.Build.0 = Debug|Any CPU
		{406055A5-D604-458B-85F5-CD8E211BE52F}.Release|Any CPU.ActiveCfg = Release|Any CPU
		{406055A5-D604-458B-85F5-CD8E211BE52F}.Release|Any CPU.Build.0 = Release|Any CPU
		{406055A5-D604-458B-85F5-CD8E211BE52F}.Release|x64.ActiveCfg = Release|Any CPU
		{406055A5-D604-458B-85F5-CD8E211BE52F}.Release|x64.Build.0 = Release|Any CPU
		{406055A5-D604-458B-85F5-CD8E211BE52F}.Release|x86.ActiveCfg = Release|Any CPU
		{406055A5-D604-458B-85F5-CD8E211BE52F}.Release|x86.Build.0 = Release|Any CPU
		{109129D9-D870-4F09-9FBF-6B68F0A8829C}.Debug|Any CPU.ActiveCfg = Debug|Any CPU
		{109129D9-D870-4F09-9FBF-6B68F0A8829C}.Debug|Any CPU.Build.0 = Debug|Any CPU
		{109129D9-D870-4F09-9FBF-6B68F0A8829C}.Debug|x64.ActiveCfg = Debug|Any CPU
		{109129D9-D870-4F09-9FBF-6B68F0A8829C}.Debug|x64.Build.0 = Debug|Any CPU
		{109129D9-D870-4F09-9FBF-6B68F0A8829C}.Debug|x86.ActiveCfg = Debug|Any CPU
		{109129D9-D870-4F09-9FBF-6B68F0A8829C}.Debug|x86.Build.0 = Debug|Any CPU
		{109129D9-D870-4F09-9FBF-6B68F0A8829C}.Release|Any CPU.ActiveCfg = Release|Any CPU
		{109129D9-D870-4F09-9FBF-6B68F0A8829C}.Release|Any CPU.Build.0 = Release|Any CPU
		{109129D9-D870-4F09-9FBF-6B68F0A8829C}.Release|x64.ActiveCfg = Release|Any CPU
		{109129D9-D870-4F09-9FBF-6B68F0A8829C}.Release|x64.Build.0 = Release|Any CPU
		{109129D9-D870-4F09-9FBF-6B68F0A8829C}.Release|x86.ActiveCfg = Release|Any CPU
		{109129D9-D870-4F09-9FBF-6B68F0A8829C}.Release|x86.Build.0 = Release|Any CPU
		{795C9840-5C52-4B71-A562-AD6CC45CEE25}.Debug|Any CPU.ActiveCfg = Debug|Any CPU
		{795C9840-5C52-4B71-A562-AD6CC45CEE25}.Debug|Any CPU.Build.0 = Debug|Any CPU
		{795C9840-5C52-4B71-A562-AD6CC45CEE25}.Debug|x64.ActiveCfg = Debug|Any CPU
		{795C9840-5C52-4B71-A562-AD6CC45CEE25}.Debug|x64.Build.0 = Debug|Any CPU
		{795C9840-5C52-4B71-A562-AD6CC45CEE25}.Debug|x86.ActiveCfg = Debug|Any CPU
		{795C9840-5C52-4B71-A562-AD6CC45CEE25}.Debug|x86.Build.0 = Debug|Any CPU
		{795C9840-5C52-4B71-A562-AD6CC45CEE25}.Release|Any CPU.ActiveCfg = Release|Any CPU
		{795C9840-5C52-4B71-A562-AD6CC45CEE25}.Release|Any CPU.Build.0 = Release|Any CPU
		{795C9840-5C52-4B71-A562-AD6CC45CEE25}.Release|x64.ActiveCfg = Release|Any CPU
		{795C9840-5C52-4B71-A562-AD6CC45CEE25}.Release|x64.Build.0 = Release|Any CPU
		{795C9840-5C52-4B71-A562-AD6CC45CEE25}.Release|x86.ActiveCfg = Release|Any CPU
		{795C9840-5C52-4B71-A562-AD6CC45CEE25}.Release|x86.Build.0 = Release|Any CPU
		{A7AC90FB-79A5-440C-89D8-3E144BC857AA}.Debug|Any CPU.ActiveCfg = Debug|Any CPU
		{A7AC90FB-79A5-440C-89D8-3E144BC857AA}.Debug|Any CPU.Build.0 = Debug|Any CPU
		{A7AC90FB-79A5-440C-89D8-3E144BC857AA}.Debug|x64.ActiveCfg = Debug|Any CPU
		{A7AC90FB-79A5-440C-89D8-3E144BC857AA}.Debug|x64.Build.0 = Debug|Any CPU
		{A7AC90FB-79A5-440C-89D8-3E144BC857AA}.Debug|x86.ActiveCfg = Debug|Any CPU
		{A7AC90FB-79A5-440C-89D8-3E144BC857AA}.Debug|x86.Build.0 = Debug|Any CPU
		{A7AC90FB-79A5-440C-89D8-3E144BC857AA}.Release|Any CPU.ActiveCfg = Release|Any CPU
		{A7AC90FB-79A5-440C-89D8-3E144BC857AA}.Release|Any CPU.Build.0 = Release|Any CPU
		{A7AC90FB-79A5-440C-89D8-3E144BC857AA}.Release|x64.ActiveCfg = Release|Any CPU
		{A7AC90FB-79A5-440C-89D8-3E144BC857AA}.Release|x64.Build.0 = Release|Any CPU
		{A7AC90FB-79A5-440C-89D8-3E144BC857AA}.Release|x86.ActiveCfg = Release|Any CPU
		{A7AC90FB-79A5-440C-89D8-3E144BC857AA}.Release|x86.Build.0 = Release|Any CPU
		{80612397-FD13-4ED2-986A-C3083CC92D65}.Debug|Any CPU.ActiveCfg = Debug|Any CPU
		{80612397-FD13-4ED2-986A-C3083CC92D65}.Debug|Any CPU.Build.0 = Debug|Any CPU
		{80612397-FD13-4ED2-986A-C3083CC92D65}.Debug|x64.ActiveCfg = Debug|Any CPU
		{80612397-FD13-4ED2-986A-C3083CC92D65}.Debug|x64.Build.0 = Debug|Any CPU
		{80612397-FD13-4ED2-986A-C3083CC92D65}.Debug|x86.ActiveCfg = Debug|Any CPU
		{80612397-FD13-4ED2-986A-C3083CC92D65}.Debug|x86.Build.0 = Debug|Any CPU
		{80612397-FD13-4ED2-986A-C3083CC92D65}.Release|Any CPU.ActiveCfg = Release|Any CPU
		{80612397-FD13-4ED2-986A-C3083CC92D65}.Release|Any CPU.Build.0 = Release|Any CPU
		{80612397-FD13-4ED2-986A-C3083CC92D65}.Release|x64.ActiveCfg = Release|Any CPU
		{80612397-FD13-4ED2-986A-C3083CC92D65}.Release|x64.Build.0 = Release|Any CPU
		{80612397-FD13-4ED2-986A-C3083CC92D65}.Release|x86.ActiveCfg = Release|Any CPU
		{80612397-FD13-4ED2-986A-C3083CC92D65}.Release|x86.Build.0 = Release|Any CPU
		{F9E26EAE-F3EC-45B6-84EC-B0F067364498}.Debug|Any CPU.ActiveCfg = Debug|Any CPU
		{F9E26EAE-F3EC-45B6-84EC-B0F067364498}.Debug|Any CPU.Build.0 = Debug|Any CPU
		{F9E26EAE-F3EC-45B6-84EC-B0F067364498}.Debug|x64.ActiveCfg = Debug|Any CPU
		{F9E26EAE-F3EC-45B6-84EC-B0F067364498}.Debug|x64.Build.0 = Debug|Any CPU
		{F9E26EAE-F3EC-45B6-84EC-B0F067364498}.Debug|x86.ActiveCfg = Debug|Any CPU
		{F9E26EAE-F3EC-45B6-84EC-B0F067364498}.Debug|x86.Build.0 = Debug|Any CPU
		{F9E26EAE-F3EC-45B6-84EC-B0F067364498}.Release|Any CPU.ActiveCfg = Release|Any CPU
		{F9E26EAE-F3EC-45B6-84EC-B0F067364498}.Release|Any CPU.Build.0 = Release|Any CPU
		{F9E26EAE-F3EC-45B6-84EC-B0F067364498}.Release|x64.ActiveCfg = Release|Any CPU
		{F9E26EAE-F3EC-45B6-84EC-B0F067364498}.Release|x64.Build.0 = Release|Any CPU
		{F9E26EAE-F3EC-45B6-84EC-B0F067364498}.Release|x86.ActiveCfg = Release|Any CPU
		{F9E26EAE-F3EC-45B6-84EC-B0F067364498}.Release|x86.Build.0 = Release|Any CPU
	EndGlobalSection
	GlobalSection(SolutionProperties) = preSolution
		HideSolutionNode = FALSE
	EndGlobalSection
	GlobalSection(NestedProjects) = preSolution
		{FF6678A0-E237-47A8-B3CB-3DE801C52B27} = {ADF59119-71A3-4344-AA4C-6A8F18915534}
		{406055A5-D604-458B-85F5-CD8E211BE52F} = {EA04A248-C0F7-46DC-9780-93A0DCEACE1A}
		{109129D9-D870-4F09-9FBF-6B68F0A8829C} = {EA04A248-C0F7-46DC-9780-93A0DCEACE1A}
		{795C9840-5C52-4B71-A562-AD6CC45CEE25} = {65DCED4E-3B8F-4D57-B7CE-D8A903578EC8}
		{A7AC90FB-79A5-440C-89D8-3E144BC857AA} = {EA04A248-C0F7-46DC-9780-93A0DCEACE1A}
		{80612397-FD13-4ED2-986A-C3083CC92D65} = {65DCED4E-3B8F-4D57-B7CE-D8A903578EC8}
		{F9E26EAE-F3EC-45B6-84EC-B0F067364498} = {65DCED4E-3B8F-4D57-B7CE-D8A903578EC8}
	EndGlobalSection
	GlobalSection(ExtensibilityGlobals) = postSolution
		SolutionGuid = {1452C4D7-90C5-49E3-97B1-34C138FB9F82}
	EndGlobalSection
EndGlobal
